lockfileVersion: '9.0'

settings:
  autoInstallPeers: true
  excludeLinksFromLockfile: false

importers:

  .:
    devDependencies:
      turbo:
        specifier: ^2.0.7
        version: 2.0.7

packages:

  turbo-darwin-64@2.0.7:
    resolution: {integrity: sha512-J1RBvQGqKeUwLJrZbfrm4tHshagdMeGAwd7rpLpfUrw0PNmGfcBazJf6dIGXG59/GHzJmS0/eAZ8qDchfVbIFA==}
    cpu: [x64]
    os: [darwin]

  turbo-darwin-arm64@2.0.7:
    resolution: {integrity: sha512-h1JK8uuEjoHx1SvvTZiottj+4kDmiv+hivnLUzNwO75qKblMsd38IsFB0J2sMRz7JacFlf+3ry8SItznBW67Xw==}
    cpu: [arm64]
    os: [darwin]

  turbo-linux-64@2.0.7:
    resolution: {integrity: sha512-dsr7GFeHAYVMnXWDDjhpsAQetejU4OlkNBRA5hfmnIcl2sSyOYa3EvoeJ6j5z5vTNIJ9VO4I1h0jK3lTjEoonA==}
    cpu: [x64]
    os: [linux]

  turbo-linux-arm64@2.0.7:
    resolution: {integrity: sha512-bJbwXvyX1XPzY1jHgkqggls/L4yFyHVK8GGACF3kcg6x7lYV2SXkUYRyOC3WqzW7euqa9Zw/32jrIPP4Qy31Vw==}
    cpu: [arm64]
    os: [linux]

  turbo-windows-64@2.0.7:
    resolution: {integrity: sha512-aBH+5A7IN957MqXMrw8xN0CWtH/fPFL+xTlloO6074Eaa8WfnctSAnaSujm6f4xF2T8lFx+ZprBvnO9oKvLQQQ==}
    cpu: [x64]
    os: [win32]

  turbo-windows-arm64@2.0.7:
    resolution: {integrity: sha512-ButUCpO5nTi+jyTSIY2mQ9dVz+mCGxJ6sHyn0xGlNoJWdisKXb0BtWCLAjM26gg/yp9Kt1MBowMQyYVruPV0Qw==}
    cpu: [arm64]
    os: [win32]

  turbo@2.0.7:
    resolution: {integrity: sha512-76iNWZpmKAKjj+yL0Wtcu2LpDIM5Nz7JS3fHOZPYS0AKuC2boJ24276VAiK4PKwbpBB//TYKDpSLuQ6cfR49pg==}
    hasBin: true

snapshots:

  turbo-darwin-64@2.0.7:
    optional: true

  turbo-darwin-arm64@2.0.7:
    optional: true

  turbo-linux-64@2.0.7:
    optional: true

  turbo-linux-arm64@2.0.7:
    optional: true

  turbo-windows-64@2.0.7:
    optional: true

  turbo-windows-arm64@2.0.7:
    optional: true

  turbo@2.0.7:
    optionalDependencies:
      turbo-darwin-64: 2.0.7
      turbo-darwin-arm64: 2.0.7
      turbo-linux-64: 2.0.7
      turbo-linux-arm64: 2.0.7
      turbo-windows-64: 2.0.7
      turbo-windows-arm64: 2.0.7
